# generated by rye
# use `rye lock` or `rye sync` to update this lockfile
#
# last locked with the following flags:
#   pre: false
#   features: []
#   all-features: false
#   with-sources: false

-e file:.
blastengine==0.0.8
certifi==2024.2.2
charset-normalizer==3.3.2
click==8.1.7
et-xmlfile==1.1.0
idna==3.6
openpyxl==3.1.2
polars==0.20.7
requests==2.31.0
urllib3==2.2.0
